<?xml version="1.0" encoding="UTF-8" standalone="yes" ?>
<CodeBlocks_project_file>
	<FileVersion major="1" minor="6" />
	<Project>
		<Option title="transmission_diversity_model_oopish" />
		<Option pch_mode="2" />
		<Option compiler="gcc" />
		<Build>
			<Target title="Debug">
				<Option output="bin/Debug/transmission_diversity_model_oopish" prefix_auto="1" extension_auto="1" />
				<Option object_output="obj/Debug/" />
				<Option type="1" />
				<Option compiler="gcc" />
				<Compiler>
					<Add option="-g" />
				</Compiler>
			</Target>
			<Target title="Release">
				<Option output="bin/Release/transmission_diversity_model_oopish" prefix_auto="1" extension_auto="1" />
				<Option object_output="obj/Release/" />
				<Option type="1" />
				<Option compiler="gcc" />
				<Compiler>
					<Add option="-march=corei7" />
					<Add option="-fexpensive-optimizations" />
					<Add option="-O3" />
					<Add option="-fopenmp" />
				</Compiler>
				<Linker>
					<Add option="-fopenmp" />
				</Linker>
			</Target>
		</Build>
		<Compiler>
			<Add option="-Wall" />
			<Add option="-g" />
		</Compiler>
		<Unit filename="src/TODO.txt" />
		<Unit filename="src/adaptors/adaptor.hpp" />
		<Unit filename="src/adaptors/bite_rate_adaptor.cpp" />
		<Unit filename="src/adaptors/bite_rate_adaptor.hpp" />
		<Unit filename="src/adaptors/intragenic_recombination_p_adaptor.cpp" />
		<Unit filename="src/adaptors/intragenic_recombination_p_adaptor.hpp" />
		<Unit filename="src/adaptors/mosquito_population_adaptor.cpp" />
		<Unit filename="src/adaptors/mosquito_population_adaptor.hpp" />
		<Unit filename="src/adaptors/output_interval_adaptor.cpp" />
		<Unit filename="src/adaptors/output_interval_adaptor.hpp" />
		<Unit filename="src/demographic_tools.cpp" />
		<Unit filename="src/demographic_tools.hpp" />
		<Unit filename="src/global_typedefs.hpp" />
		<Unit filename="src/host.cpp" />
		<Unit filename="src/host.hpp" />
		<Unit filename="src/infection.cpp" />
		<Unit filename="src/infection.hpp" />
		<Unit filename="src/main.cpp" />
		<Unit filename="src/model_driver.cpp" />
		<Unit filename="src/model_driver.hpp" />
		<Unit filename="src/mosquito.cpp" />
		<Unit filename="src/mosquito.hpp" />
		<Unit filename="src/mosquito_manager.cpp" />
		<Unit filename="src/mosquito_manager.hpp" />
		<Unit filename="src/output.cpp" />
		<Unit filename="src/output.hpp" />
		<Unit filename="src/param_manager.cpp" />
		<Unit filename="src/param_manager.hpp" />
		<Unit filename="src/strain.cpp" />
		<Unit filename="src/strain.hpp" />
		<Unit filename="src/testing.cpp" />
		<Unit filename="src/testing.hpp" />
		<Unit filename="src/utilities.cpp" />
		<Unit filename="src/utilities.hpp" />
		<Extensions>
			<code_completion />
			<envvars />
			<debugger />
			<lib_finder disable_auto="1" />
		</Extensions>
	</Project>
</CodeBlocks_project_file>
